// !$*UTF8*$!
{
	archiveVersion = 1;
	classes = {
	};
	objectVersion = 46;
	objects = {

/* Begin PBXBuildFile section */
		78399C0718D071E70008E414 /* Foundation.framework in Frameworks */ = {isa = PBXBuildFile; fileRef = 78399C0618D071E70008E414 /* Foundation.framework */; };
		78399C0918D071E70008E414 /* CoreGraphics.framework in Frameworks */ = {isa = PBXBuildFile; fileRef = 78399C0818D071E70008E414 /* CoreGraphics.framework */; };
		78399C0B18D071E70008E414 /* UIKit.framework in Frameworks */ = {isa = PBXBuildFile; fileRef = 78399C0A18D071E70008E414 /* UIKit.framework */; };
		78399C1118D071E70008E414 /* InfoPlist.strings in Resources */ = {isa = PBXBuildFile; fileRef = 78399C0F18D071E70008E414 /* InfoPlist.strings */; };
		78399C1318D071E70008E414 /* main.m in Sources */ = {isa = PBXBuildFile; fileRef = 78399C1218D071E70008E414 /* main.m */; };
		78399C1718D071E70008E414 /* MKTAppDelegate.m in Sources */ = {isa = PBXBuildFile; fileRef = 78399C1618D071E70008E414 /* MKTAppDelegate.m */; };
		78399C1A18D071E70008E414 /* Main.storyboard in Resources */ = {isa = PBXBuildFile; fileRef = 78399C1818D071E70008E414 /* Main.storyboard */; };
		78399C1D18D071E70008E414 /* MKTViewController.m in Sources */ = {isa = PBXBuildFile; fileRef = 78399C1C18D071E70008E414 /* MKTViewController.m */; };
		78399C1F18D071E70008E414 /* Images.xcassets in Resources */ = {isa = PBXBuildFile; fileRef = 78399C1E18D071E70008E414 /* Images.xcassets */; };
		78399C2618D071E70008E414 /* XCTest.framework in Frameworks */ = {isa = PBXBuildFile; fileRef = 78399C2518D071E70008E414 /* XCTest.framework */; };
		78399C2718D071E70008E414 /* Foundation.framework in Frameworks */ = {isa = PBXBuildFile; fileRef = 78399C0618D071E70008E414 /* Foundation.framework */; };
		78399C2818D071E70008E414 /* UIKit.framework in Frameworks */ = {isa = PBXBuildFile; fileRef = 78399C0A18D071E70008E414 /* UIKit.framework */; };
		78399C3018D071E70008E414 /* InfoPlist.strings in Resources */ = {isa = PBXBuildFile; fileRef = 78399C2E18D071E70008E414 /* InfoPlist.strings */; };
		78399C3218D071E70008E414 /* MiawKitTestTests.m in Sources */ = {isa = PBXBuildFile; fileRef = 78399C3118D071E70008E414 /* MiawKitTestTests.m */; };
		78399C4318D077820008E414 /* MKLocalization.m in Sources */ = {isa = PBXBuildFile; fileRef = 78399C3D18D077820008E414 /* MKLocalization.m */; };
		78399C4418D077830008E414 /* UIButton+MKLocalization.m in Sources */ = {isa = PBXBuildFile; fileRef = 78399C4018D077820008E414 /* UIButton+MKLocalization.m */; };
		78399C4518D077830008E414 /* UILabel+MKLocalization.m in Sources */ = {isa = PBXBuildFile; fileRef = 78399C4218D077820008E414 /* UILabel+MKLocalization.m */; };
		78399C4818D078300008E414 /* NSString+MKLocalization.m in Sources */ = {isa = PBXBuildFile; fileRef = 78399C4718D078300008E414 /* NSString+MKLocalization.m */; };
/* End PBXBuildFile section */

/* Begin PBXContainerItemProxy section */
		78399C2918D071E70008E414 /* PBXContainerItemProxy */ = {
			isa = PBXContainerItemProxy;
			containerPortal = 78399BFB18D071E60008E414 /* Project object */;
			proxyType = 1;
			remoteGlobalIDString = 78399C0218D071E70008E414;
			remoteInfo = MiawKitTest;
		};
/* End PBXContainerItemProxy section */

/* Begin PBXFileReference section */
		78399C0318D071E70008E414 /* MiawKitTest.app */ = {isa = PBXFileReference; explicitFileType = wrapper.application; includeInIndex = 0; path = MiawKitTest.app; sourceTree = BUILT_PRODUCTS_DIR; };
		78399C0618D071E70008E414 /* Foundation.framework */ = {isa = PBXFileReference; lastKnownFileType = wrapper.framework; name = Foundation.framework; path = System/Library/Frameworks/Foundation.framework; sourceTree = SDKROOT; };
		78399C0818D071E70008E414 /* CoreGraphics.framework */ = {isa = PBXFileReference; lastKnownFileType = wrapper.framework; name = CoreGraphics.framework; path = System/Library/Frameworks/CoreGraphics.framework; sourceTree = SDKROOT; };
		78399C0A18D071E70008E414 /* UIKit.framework */ = {isa = PBXFileReference; lastKnownFileType = wrapper.framework; name = UIKit.framework; path = System/Library/Frameworks/UIKit.framework; sourceTree = SDKROOT; };
		78399C0E18D071E70008E414 /* MiawKitTest-Info.plist */ = {isa = PBXFileReference; lastKnownFileType = text.plist.xml; path = "MiawKitTest-Info.plist"; sourceTree = "<group>"; };
		78399C1018D071E70008E414 /* en */ = {isa = PBXFileReference; lastKnownFileType = text.plist.strings; name = en; path = en.lproj/InfoPlist.strings; sourceTree = "<group>"; };
		78399C1218D071E70008E414 /* main.m */ = {isa = PBXFileReference; lastKnownFileType = sourcecode.c.objc; path = main.m; sourceTree = "<group>"; };
		78399C1418D071E70008E414 /* MiawKitTest-Prefix.pch */ = {isa = PBXFileReference; lastKnownFileType = sourcecode.c.h; path = "MiawKitTest-Prefix.pch"; sourceTree = "<group>"; };
		78399C1518D071E70008E414 /* MKTAppDelegate.h */ = {isa = PBXFileReference; lastKnownFileType = sourcecode.c.h; path = MKTAppDelegate.h; sourceTree = "<group>"; };
		78399C1618D071E70008E414 /* MKTAppDelegate.m */ = {isa = PBXFileReference; lastKnownFileType = sourcecode.c.objc; path = MKTAppDelegate.m; sourceTree = "<group>"; };
		78399C1918D071E70008E414 /* Base */ = {isa = PBXFileReference; lastKnownFileType = file.storyboard; name = Base; path = Base.lproj/Main.storyboard; sourceTree = "<group>"; };
		78399C1B18D071E70008E414 /* MKTViewController.h */ = {isa = PBXFileReference; lastKnownFileType = sourcecode.c.h; path = MKTViewController.h; sourceTree = "<group>"; };
		78399C1C18D071E70008E414 /* MKTViewController.m */ = {isa = PBXFileReference; lastKnownFileType = sourcecode.c.objc; path = MKTViewController.m; sourceTree = "<group>"; };
		78399C1E18D071E70008E414 /* Images.xcassets */ = {isa = PBXFileReference; lastKnownFileType = folder.assetcatalog; path = Images.xcassets; sourceTree = "<group>"; };
		78399C2418D071E70008E414 /* MiawKitTestTests.xctest */ = {isa = PBXFileReference; explicitFileType = wrapper.cfbundle; includeInIndex = 0; path = MiawKitTestTests.xctest; sourceTree = BUILT_PRODUCTS_DIR; };
		78399C2518D071E70008E414 /* XCTest.framework */ = {isa = PBXFileReference; lastKnownFileType = wrapper.framework; name = XCTest.framework; path = Library/Frameworks/XCTest.framework; sourceTree = DEVELOPER_DIR; };
		78399C2D18D071E70008E414 /* MiawKitTestTests-Info.plist */ = {isa = PBXFileReference; lastKnownFileType = text.plist.xml; path = "MiawKitTestTests-Info.plist"; sourceTree = "<group>"; };
		78399C2F18D071E70008E414 /* en */ = {isa = PBXFileReference; lastKnownFileType = text.plist.strings; name = en; path = en.lproj/InfoPlist.strings; sourceTree = "<group>"; };
		78399C3118D071E70008E414 /* MiawKitTestTests.m */ = {isa = PBXFileReference; lastKnownFileType = sourcecode.c.objc; path = MiawKitTestTests.m; sourceTree = "<group>"; };
		78399C3C18D077820008E414 /* MKLocalization.h */ = {isa = PBXFileReference; fileEncoding = 4; lastKnownFileType = sourcecode.c.h; path = MKLocalization.h; sourceTree = "<group>"; };
		78399C3D18D077820008E414 /* MKLocalization.m */ = {isa = PBXFileReference; fileEncoding = 4; lastKnownFileType = sourcecode.c.objc; path = MKLocalization.m; sourceTree = "<group>"; };
		78399C3F18D077820008E414 /* UIButton+MKLocalization.h */ = {isa = PBXFileReference; fileEncoding = 4; lastKnownFileType = sourcecode.c.h; path = "UIButton+MKLocalization.h"; sourceTree = "<group>"; };
		78399C4018D077820008E414 /* UIButton+MKLocalization.m */ = {isa = PBXFileReference; fileEncoding = 4; lastKnownFileType = sourcecode.c.objc; path = "UIButton+MKLocalization.m"; sourceTree = "<group>"; };
		78399C4118D077820008E414 /* UILabel+MKLocalization.h */ = {isa = PBXFileReference; fileEncoding = 4; lastKnownFileType = sourcecode.c.h; path = "UILabel+MKLocalization.h"; sourceTree = "<group>"; };
		78399C4218D077820008E414 /* UILabel+MKLocalization.m */ = {isa = PBXFileReference; fileEncoding = 4; lastKnownFileType = sourcecode.c.objc; path = "UILabel+MKLocalization.m"; sourceTree = "<group>"; };
		78399C4618D078300008E414 /* NSString+MKLocalization.h */ = {isa = PBXFileReference; fileEncoding = 4; lastKnownFileType = sourcecode.c.h; path = "NSString+MKLocalization.h"; sourceTree = "<group>"; };
		78399C4718D078300008E414 /* NSString+MKLocalization.m */ = {isa = PBXFileReference; fileEncoding = 4; lastKnownFileType = sourcecode.c.objc; path = "NSString+MKLocalization.m"; sourceTree = "<group>"; };
/* End PBXFileReference section */

/* Begin PBXFrameworksBuildPhase section */
		78399C0018D071E70008E414 /* Frameworks */ = {
			isa = PBXFrameworksBuildPhase;
			buildActionMask = 2147483647;
			files = (
				78399C0918D071E70008E414 /* CoreGraphics.framework in Frameworks */,
				78399C0B18D071E70008E414 /* UIKit.framework in Frameworks */,
				78399C0718D071E70008E414 /* Foundation.framework in Frameworks */,
			);
			runOnlyForDeploymentPostprocessing = 0;
		};
		78399C2118D071E70008E414 /* Frameworks */ = {
			isa = PBXFrameworksBuildPhase;
			buildActionMask = 2147483647;
			files = (
				78399C2618D071E70008E414 /* XCTest.framework in Frameworks */,
				78399C2818D071E70008E414 /* UIKit.framework in Frameworks */,
				78399C2718D071E70008E414 /* Foundation.framework in Frameworks */,
			);
			runOnlyForDeploymentPostprocessing = 0;
		};
/* End PBXFrameworksBuildPhase section */

/* Begin PBXGroup section */
		78399BFA18D071E60008E414 = {
			isa = PBXGroup;
			children = (
				78399C3B18D077820008E414 /* MiawKit */,
				78399C0C18D071E70008E414 /* MiawKitTest */,
				78399C2B18D071E70008E414 /* MiawKitTestTests */,
				78399C0518D071E70008E414 /* Frameworks */,
				78399C0418D071E70008E414 /* Products */,
			);
			sourceTree = "<group>";
		};
		78399C0418D071E70008E414 /* Products */ = {
			isa = PBXGroup;
			children = (
				78399C0318D071E70008E414 /* MiawKitTest.app */,
				78399C2418D071E70008E414 /* MiawKitTestTests.xctest */,
			);
			name = Products;
			sourceTree = "<group>";
		};
		78399C0518D071E70008E414 /* Frameworks */ = {
			isa = PBXGroup;
			children = (
				78399C0618D071E70008E414 /* Foundation.framework */,
				78399C0818D071E70008E414 /* CoreGraphics.framework */,
				78399C0A18D071E70008E414 /* UIKit.framework */,
				78399C2518D071E70008E414 /* XCTest.framework */,
			);
			name = Frameworks;
			sourceTree = "<group>";
		};
		78399C0C18D071E70008E414 /* MiawKitTest */ = {
			isa = PBXGroup;
			children = (
				78399C1518D071E70008E414 /* MKTAppDelegate.h */,
				78399C1618D071E70008E414 /* MKTAppDelegate.m */,
				78399C1818D071E70008E414 /* Main.storyboard */,
				78399C1B18D071E70008E414 /* MKTViewController.h */,
				78399C1C18D071E70008E414 /* MKTViewController.m */,
				78399C1E18D071E70008E414 /* Images.xcassets */,
				78399C0D18D071E70008E414 /* Supporting Files */,
			);
			path = MiawKitTest;
			sourceTree = "<group>";
		};
		78399C0D18D071E70008E414 /* Supporting Files */ = {
			isa = PBXGroup;
			children = (
				78399C0E18D071E70008E414 /* MiawKitTest-Info.plist */,
				78399C0F18D071E70008E414 /* InfoPlist.strings */,
				78399C1218D071E70008E414 /* main.m */,
				78399C1418D071E70008E414 /* MiawKitTest-Prefix.pch */,
			);
			name = "Supporting Files";
			sourceTree = "<group>";
		};
		78399C2B18D071E70008E414 /* MiawKitTestTests */ = {
			isa = PBXGroup;
			children = (
				78399C3118D071E70008E414 /* MiawKitTestTests.m */,
				78399C2C18D071E70008E414 /* Supporting Files */,
			);
			path = MiawKitTestTests;
			sourceTree = "<group>";
		};
		78399C2C18D071E70008E414 /* Supporting Files */ = {
			isa = PBXGroup;
			children = (
				78399C2D18D071E70008E414 /* MiawKitTestTests-Info.plist */,
				78399C2E18D071E70008E414 /* InfoPlist.strings */,
			);
			name = "Supporting Files";
			sourceTree = "<group>";
		};
		78399C3B18D077820008E414 /* MiawKit */ = {
			isa = PBXGroup;
			children = (
				78399C3C18D077820008E414 /* MKLocalization.h */,
				78399C3D18D077820008E414 /* MKLocalization.m */,
				78399C3E18D077820008E414 /* UIKit+MKLocalization */,
				78399C4618D078300008E414 /* NSString+MKLocalization.h */,
				78399C4718D078300008E414 /* NSString+MKLocalization.m */,
			);
			name = MiawKit;
			path = ../MiawKit;
			sourceTree = "<group>";
		};
		78399C3E18D077820008E414 /* UIKit+MKLocalization */ = {
			isa = PBXGroup;
			children = (
				78399C3F18D077820008E414 /* UIButton+MKLocalization.h */,
				78399C4018D077820008E414 /* UIButton+MKLocalization.m */,
				78399C4118D077820008E414 /* UILabel+MKLocalization.h */,
				78399C4218D077820008E414 /* UILabel+MKLocalization.m */,
			);
			path = "UIKit+MKLocalization";
			sourceTree = "<group>";
		};
/* End PBXGroup section */

/* Begin PBXNativeTarget section */
		78399C0218D071E70008E414 /* MiawKitTest */ = {
			isa = PBXNativeTarget;
			buildConfigurationList = 78399C3518D071E70008E414 /* Build configuration list for PBXNativeTarget "MiawKitTest" */;
			buildPhases = (
				78399BFF18D071E70008E414 /* Sources */,
				78399C0018D071E70008E414 /* Frameworks */,
				78399C0118D071E70008E414 /* Resources */,
			);
			buildRules = (
			);
			dependencies = (
			);
			name = MiawKitTest;
			productName = MiawKitTest;
			productReference = 78399C0318D071E70008E414 /* MiawKitTest.app */;
			productType = "com.apple.product-type.application";
		};
		78399C2318D071E70008E414 /* MiawKitTestTests */ = {
			isa = PBXNativeTarget;
			buildConfigurationList = 78399C3818D071E70008E414 /* Build configuration list for PBXNativeTarget "MiawKitTestTests" */;
			buildPhases = (
				78399C2018D071E70008E414 /* Sources */,
				78399C2118D071E70008E414 /* Frameworks */,
				78399C2218D071E70008E414 /* Resources */,
			);
			buildRules = (
			);
			dependencies = (
				78399C2A18D071E70008E414 /* PBXTargetDependency */,
			);
			name = MiawKitTestTests;
			productName = MiawKitTestTests;
			productReference = 78399C2418D071E70008E414 /* MiawKitTestTests.xctest */;
			productType = "com.apple.product-type.bundle.unit-test";
		};
/* End PBXNativeTarget section */

/* Begin PBXProject section */
		78399BFB18D071E60008E414 /* Project object */ = {
			isa = PBXProject;
			attributes = {
				CLASSPREFIX = MKT;
				LastUpgradeCheck = 0510;
				ORGANIZATIONNAME = Robocat;
				TargetAttributes = {
					78399C2318D071E70008E414 = {
						TestTargetID = 78399C0218D071E70008E414;
					};
				};
			};
			buildConfigurationList = 78399BFE18D071E60008E414 /* Build configuration list for PBXProject "MiawKitTest" */;
			compatibilityVersion = "Xcode 3.2";
			developmentRegion = English;
			hasScannedForEncodings = 0;
			knownRegions = (
				en,
				Base,
			);
			mainGroup = 78399BFA18D071E60008E414;
			productRefGroup = 78399C0418D071E70008E414 /* Products */;
			projectDirPath = "";
			projectRoot = "";
			targets = (
				78399C0218D071E70008E414 /* MiawKitTest */,
				78399C2318D071E70008E414 /* MiawKitTestTests */,
			);
		};
/* End PBXProject section */

/* Begin PBXResourcesBuildPhase section */
		78399C0118D071E70008E414 /* Resources */ = {
			isa = PBXResourcesBuildPhase;
			buildActionMask = 2147483647;
			files = (
				78399C1F18D071E70008E414 /* Images.xcassets in Resources */,
				78399C1118D071E70008E414 /* InfoPlist.strings in Resources */,
				78399C1A18D071E70008E414 /* Main.storyboard in Resources */,
			);
			runOnlyForDeploymentPostprocessing = 0;
		};
		78399C2218D071E70008E414 /* Resources */ = {
			isa = PBXResourcesBuildPhase;
			buildActionMask = 2147483647;
			files = (
				78399C3018D071E70008E414 /* InfoPlist.strings in Resources */,
			);
			runOnlyForDeploymentPostprocessing = 0;
		};
/* End PBXResourcesBuildPhase section */

/* Begin PBXSourcesBuildPhase section */
		78399BFF18D071E70008E414 /* Sources */ = {
			isa = PBXSourcesBuildPhase;
			buildActionMask = 2147483647;
			files = (
				78399C4318D077820008E414 /* MKLocalization.m in Sources */,
				78399C1D18D071E70008E414 /* MKTViewController.m in Sources */,
				78399C4818D078300008E414 /* NSString+MKLocalization.m in Sources */,
				78399C1318D071E70008E414 /* main.m in Sources */,
				78399C4418D077830008E414 /* UIButton+MKLocalization.m in Sources */,
				78399C1718D071E70008E414 /* MKTAppDelegate.m in Sources */,
				78399C4518D077830008E414 /* UILabel+MKLocalization.m in Sources */,
			);
			runOnlyForDeploymentPostprocessing = 0;
		};
		78399C2018D071E70008E414 /* Sources */ = {
			isa = PBXSourcesBuildPhase;
			buildActionMask = 2147483647;
			files = (
				78399C3218D071E70008E414 /* MiawKitTestTests.m in Sources */,
			);
			runOnlyForDeploymentPostprocessing = 0;
		};
/* End PBXSourcesBuildPhase section */

/* Begin PBXTargetDependency section */
		78399C2A18D071E70008E414 /* PBXTargetDependency */ = {
			isa = PBXTargetDependency;
			target = 78399C0218D071E70008E414 /* MiawKitTest */;
			targetProxy = 78399C2918D071E70008E414 /* PBXContainerItemProxy */;
		};
/* End PBXTargetDependency section */

/* Begin PBXVariantGroup section */
		78399C0F18D071E70008E414 /* InfoPlist.strings */ = {
			isa = PBXVariantGroup;
			children = (
				78399C1018D071E70008E414 /* en */,
			);
			name = InfoPlist.strings;
			sourceTree = "<group>";
		};
		78399C1818D071E70008E414 /* Main.storyboard */ = {
			isa = PBXVariantGroup;
			children = (
				78399C1918D071E70008E414 /* Base */,
			);
			name = Main.storyboard;
			sourceTree = "<group>";
		};
		78399C2E18D071E70008E414 /* InfoPlist.strings */ = {
			isa = PBXVariantGroup;
			children = (
				78399C2F18D071E70008E414 /* en */,
			);
			name = InfoPlist.strings;
			sourceTree = "<group>";
		};
/* End PBXVariantGroup section */

/* Begin XCBuildConfiguration section */
		78399C3318D071E70008E414 /* Debug */ = {
			isa = XCBuildConfiguration;
			buildSettings = {
				ALWAYS_SEARCH_USER_PATHS = NO;
				CLANG_CXX_LANGUAGE_STANDARD = "gnu++0x";
				CLANG_CXX_LIBRARY = "libc++";
				CLANG_ENABLE_MODULES = YES;
				CLANG_ENABLE_OBJC_ARC = YES;
				CLANG_WARN_BOOL_CONVERSION = YES;
				CLANG_WARN_CONSTANT_CONVERSION = YES;
				CLANG_WARN_DIRECT_OBJC_ISA_USAGE = YES_ERROR;
				CLANG_WARN_EMPTY_BODY = YES;
				CLANG_WARN_ENUM_CONVERSION = YES;
				CLANG_WARN_INT_CONVERSION = YES;
				CLANG_WARN_OBJC_ROOT_CLASS = YES_ERROR;
				CLANG_WARN__DUPLICATE_METHOD_MATCH = YES;
				"CODE_SIGN_IDENTITY[sdk=iphoneos*]" = "iPhone Developer";
				COPY_PHASE_STRIP = NO;
				GCC_C_LANGUAGE_STANDARD = gnu99;
				GCC_DYNAMIC_NO_PIC = NO;
				GCC_OPTIMIZATION_LEVEL = 0;
				GCC_PREPROCESSOR_DEFINITIONS = (
					"DEBUG=1",
					"$(inherited)",
				);
				GCC_SYMBOLS_PRIVATE_EXTERN = NO;
				GCC_WARN_64_TO_32_BIT_CONVERSION = YES;
				GCC_WARN_ABOUT_RETURN_TYPE = YES_ERROR;
				GCC_WARN_UNDECLARED_SELECTOR = YES;
				GCC_WARN_UNINITIALIZED_AUTOS = YES_AGGRESSIVE;
				GCC_WARN_UNUSED_FUNCTION = YES;
				GCC_WARN_UNUSED_VARIABLE = YES;
				IPHONEOS_DEPLOYMENT_TARGET = 7.1;
				ONLY_ACTIVE_ARCH = YES;
				SDKROOT = iphoneos;
			};
			name = Debug;
		};
		78399C3418D071E70008E414 /* Release */ = {
			isa = XCBuildConfiguration;
			buildSettings = {
				ALWAYS_SEARCH_USER_PATHS = NO;
				CLANG_CXX_LANGUAGE_STANDARD = "gnu++0x";
				CLANG_CXX_LIBRARY = "libc++";
				CLANG_ENABLE_MODULES = YES;
				CLANG_ENABLE_OBJC_ARC = YES;
				CLANG_WARN_BOOL_CONVERSION = YES;
				CLANG_WARN_CONSTANT_CONVERSION = YES;
				CLANG_WARN_DIRECT_OBJC_ISA_USAGE = YES_ERROR;
				CLANG_WARN_EMPTY_BODY = YES;
				CLANG_WARN_ENUM_CONVERSION = YES;
				CLANG_WARN_INT_CONVERSION = YES;
				CLANG_WARN_OBJC_ROOT_CLASS = YES_ERROR;
				CLANG_WARN__DUPLICATE_METHOD_MATCH = YES;
				"CODE_SIGN_IDENTITY[sdk=iphoneos*]" = "iPhone Developer";
				COPY_PHASE_STRIP = YES;
				ENABLE_NS_ASSERTIONS = NO;
				GCC_C_LANGUAGE_STANDARD = gnu99;
				GCC_WARN_64_TO_32_BIT_CONVERSION = YES;
				GCC_WARN_ABOUT_RETURN_TYPE = YES_ERROR;
				GCC_WARN_UNDECLARED_SELECTOR = YES;
				GCC_WARN_UNINITIALIZED_AUTOS = YES_AGGRESSIVE;
				GCC_WARN_UNUSED_FUNCTION = YES;
				GCC_WARN_UNUSED_VARIABLE = YES;
				IPHONEOS_DEPLOYMENT_TARGET = 7.1;
				SDKROOT = iphoneos;
				VALIDATE_PRODUCT = YES;
			};
			name = Release;
		};
		78399C3618D071E70008E414 /* Debug */ = {
			isa = XCBuildConfiguration;
			buildSettings = {
				ASSETCATALOG_COMPILER_APPICON_NAME = AppIcon;
				ASSETCATALOG_COMPILER_LAUNCHIMAGE_NAME = LaunchImage;
				GCC_PRECOMPILE_PREFIX_HEADER = YES;
				GCC_PREFIX_HEADER = "MiawKitTest/MiawKitTest-Prefix.pch";
				INFOPLIST_FILE = "MiawKitTest/MiawKitTest-Info.plist";
				PRODUCT_NAME = "$(TARGET_NAME)";
				WRAPPER_EXTENSION = app;
			};
			name = Debug;
		};
		78399C3718D071E70008E414 /* Release */ = {
			isa = XCBuildConfiguration;
			buildSettings = {
				ASSETCATALOG_COMPILER_APPICON_NAME = AppIcon;
				ASSETCATALOG_COMPILER_LAUNCHIMAGE_NAME = LaunchImage;
				GCC_PRECOMPILE_PREFIX_HEADER = YES;
				GCC_PREFIX_HEADER = "MiawKitTest/MiawKitTest-Prefix.pch";
				INFOPLIST_FILE = "MiawKitTest/MiawKitTest-Info.plist";
				PRODUCT_NAME = "$(TARGET_NAME)";
				WRAPPER_EXTENSION = app;
			};
			name = Release;
		};
		78399C3918D071E70008E414 /* Debug */ = {
			isa = XCBuildConfiguration;
			buildSettings = {
				BUNDLE_LOADER = "$(BUILT_PRODUCTS_DIR)/MiawKitTest.app/MiawKitTest";
				FRAMEWORK_SEARCH_PATHS = (
					"$(SDKROOT)/Developer/Library/Frameworks",
					"$(inherited)",
					"$(DEVELOPER_FRAMEWORKS_DIR)",
				);
				GCC_PRECOMPILE_PREFIX_HEADER = YES;
				GCC_PREFIX_HEADER = "MiawKitTest/MiawKitTest-Prefix.pch";
				GCC_PREPROCESSOR_DEFINITIONS = (
					"DEBUG=1",
					"$(inherited)",
				);
				INFOPLIST_FILE = "MiawKitTestTests/MiawKitTestTests-Info.plist";
				PRODUCT_NAME = "$(TARGET_NAME)";
				TEST_HOST = "$(BUNDLE_LOADER)";
				WRAPPER_EXTENSION = xctest;
			};
			name = Debug;
		};
		78399C3A18D071E70008E414 /* Release */ = {
			isa = XCBuildConfiguration;
			buildSettings = {
				BUNDLE_LOADER = "$(BUILT_PRODUCTS_DIR)/MiawKitTest.app/MiawKitTest";
				FRAMEWORK_SEARCH_PATHS = (
					"$(SDKROOT)/Developer/Library/Frameworks",
					"$(inherited)",
					"$(DEVELOPER_FRAMEWORKS_DIR)",
				);
				GCC_PRECOMPILE_PREFIX_HEADER = YES;
				GCC_PREFIX_HEADER = "MiawKitTest/MiawKitTest-Prefix.pch";
				INFOPLIST_FILE = "MiawKitTestTests/MiawKitTestTests-Info.plist";
				PRODUCT_NAME = "$(TARGET_NAME)";
				TEST_HOST = "$(BUNDLE_LOADER)";
				WRAPPER_EXTENSION = xctest;
			};
			name = Release;
		};
/* End XCBuildConfiguration section */

/* Begin XCConfigurationList section */
		78399BFE18D071E60008E414 /* Build configuration list for PBXProject "MiawKitTest" */ = {
			isa = XCConfigurationList;
			buildConfigurations = (
				78399C3318D071E70008E414 /* Debug */,
				78399C3418D071E70008E414 /* Release */,
			);
			defaultConfigurationIsVisible = 0;
			defaultConfigurationName = Release;
		};
		78399C3518D071E70008E414 /* Build configuration list for PBXNativeTarget "MiawKitTest" */ = {
			isa = XCConfigurationList;
			buildConfigurations = (
				78399C3618D071E70008E414 /* Debug */,
				78399C3718D071E70008E414 /* Release */,
			);
			defaultConfigurationIsVisible = 0;
		};
		78399C3818D071E70008E414 /* Build configuration list for PBXNativeTarget "MiawKitTestTests" */ = {
			isa = XCConfigurationList;
			buildConfigurations = (
				78399C3918D071E70008E414 /* Debug */,
				78399C3A18D071E70008E414 /* Release */,
			);
			defaultConfigurationIsVisible = 0;
		};
/* End XCConfigurationList section */
	};
	rootObject = 78399BFB18D071E60008E414 /* Project object */;
}
